
Microsoft Visual Studio Solution File, Format Version 12.00
# Visual Studio Version 17
VisualStudioVersion = 17.12.35527.113
MinimumVisualStudioVersion = 10.0.40219.1
Project("{FAE04EC0-301F-11D3-BF4B-00C04F79EFBC}") = "BlogProject3.EntityLayer", "BlogProject3.EntityLayer\BlogProject3.EntityLayer.csproj", "{6212B634-E966-4D4A-AFCF-C32734245043}"
EndProject
Project("{FAE04EC0-301F-11D3-BF4B-00C04F79EFBC}") = "BlogProject3.DataAccessLayer", "BlogProject3.DataAccessLayer\BlogProject3.DataAccessLayer.csproj", "{49EA4779-358D-4CBC-8495-A0C9F74E5279}"
EndProject
Global
	GlobalSection(SolutionConfigurationPlatforms) = preSolution
		Debug|Any CPU = Debug|Any CPU
		Release|Any CPU = Release|Any CPU
	EndGlobalSection
	GlobalSection(ProjectConfigurationPlatforms) = postSolution
		{6212B634-E966-4D4A-AFCF-C32734245043}.Debug|Any CPU.ActiveCfg = Debug|Any CPU
		{6212B634-E966-4D4A-AFCF-C32734245043}.Debug|Any CPU.Build.0 = Debug|Any CPU
		{6212B634-E966-4D4A-AFCF-C32734245043}.Release|Any CPU.ActiveCfg = Release|Any CPU
		{6212B634-E966-4D4A-AFCF-C32734245043}.Release|Any CPU.Build.0 = Release|Any CPU
		{49EA4779-358D-4CBC-8495-A0C9F74E5279}.Debug|Any CPU.ActiveCfg = Debug|Any CPU
		{49EA4779-358D-4CBC-8495-A0C9F74E5279}.Debug|Any CPU.Build.0 = Debug|Any CPU
		{49EA4779-358D-4CBC-8495-A0C9F74E5279}.Release|Any CPU.ActiveCfg = Release|Any CPU
		{49EA4779-358D-4CBC-8495-A0C9F74E5279}.Release|Any CPU.Build.0 = Release|Any CPU
	EndGlobalSection
	GlobalSection(SolutionProperties) = preSolution
		HideSolutionNode = FALSE
	EndGlobalSection
EndGlobal
